
Microsoft Visual Studio Solution File, Format Version 12.00
# Visual Studio Version 17
VisualStudioVersion = 17.8.34330.188
MinimumVisualStudioVersion = 10.0.40219.1
Project("{FAE04EC0-301F-11D3-BF4B-00C04F79EFBC}") = "MvcProject", "MvcProject\MvcProject.csproj", "{9B81FF24-206B-4312-A2AF-824240472BCF}"
EndProject
Global
	GlobalSection(SolutionConfigurationPlatforms) = preSolution
		Debug|Any CPU = Debug|Any CPU
		Release|Any CPU = Release|Any CPU
	EndGlobalSection
	GlobalSection(ProjectConfigurationPlatforms) = postSolution
		{9B81FF24-206B-4312-A2AF-824240472BCF}.Debug|Any CPU.ActiveCfg = Debug|Any CPU
		{9B81FF24-206B-4312-A2AF-824240472BCF}.Debug|Any CPU.Build.0 = Debug|Any CPU
		{9B81FF24-206B-4312-A2AF-824240472BCF}.Release|Any CPU.ActiveCfg = Release|Any CPU
		{9B81FF24-206B-4312-A2AF-824240472BCF}.Release|Any CPU.Build.0 = Release|Any CPU
	EndGlobalSection
	GlobalSection(SolutionProperties) = preSolution
		HideSolutionNode = FALSE
	EndGlobalSection
	GlobalSection(ExtensibilityGlobals) = postSolution
		SolutionGuid = {50A75E1C-D4F9-446C-BFDD-42C2DA1CBC07}
	EndGlobalSection
EndGlobal
